<?xml version="1.0" encoding="utf-8"?>
<Project ToolsVersion="4.0" xmlns="http://schemas.microsoft.com/developer/msbuild/2003">
  <ItemGroup>
    <Filter Include="Kernel">
      <UniqueIdentifier>{deb11387-38fe-4c59-a0fc-5cf6212ae006}</UniqueIdentifier>
    </Filter>
    <Filter Include="Core">
      <UniqueIdentifier>{91cfc54a-e3b4-42e6-8dd7-f6e271f5b113}</UniqueIdentifier>
    </Filter>
    <Filter Include="Core\memory">
      <UniqueIdentifier>{c45e2b86-173c-4f6f-a391-6823e3e65929}</UniqueIdentifier>
    </Filter>
    <Filter Include="Details">
      <UniqueIdentifier>{f1fd35c2-f5b5-47f7-83d0-a40711ac4bd6}</UniqueIdentifier>
    </Filter>
    <Filter Include="Stripifier">
      <UniqueIdentifier>{de0bec4c-5e74-4aa7-932e-142b1d5e55ac}</UniqueIdentifier>
    </Filter>
    <Filter Include="Glows">
      <UniqueIdentifier>{65353cdd-e345-4ae7-98db-5a604534e27a}</UniqueIdentifier>
    </Filter>
    <Filter Include="Wallmarks">
      <UniqueIdentifier>{5295dc67-7d20-499d-99b2-3a65a306318a}</UniqueIdentifier>
    </Filter>
    <Filter Include="Shading templates">
      <UniqueIdentifier>{18a7dcb2-d42b-4ea3-869f-030d48bef9bb}</UniqueIdentifier>
    </Filter>
    <Filter Include="Models">
      <UniqueIdentifier>{bc3736a2-8d16-4856-8565-9c75c8fa02b9}</UniqueIdentifier>
    </Filter>
    <Filter Include="Models\Visuals">
      <UniqueIdentifier>{fa1d9850-23c6-42e7-afca-85dedbf255a9}</UniqueIdentifier>
    </Filter>
    <Filter Include="Visibility">
      <UniqueIdentifier>{6748fbcb-2b41-4b79-a519-84e21c815a0e}</UniqueIdentifier>
    </Filter>
    <Filter Include="Visibility\Sector/Portal">
      <UniqueIdentifier>{9559c923-9aa2-40eb-b02e-cbbb13c50c2a}</UniqueIdentifier>
    </Filter>
    <Filter Include="Visibility\HOM Occlusion">
      <UniqueIdentifier>{48431044-9662-4ab8-8344-ade236f364be}</UniqueIdentifier>
    </Filter>
    <Filter Include="Lights">
      <UniqueIdentifier>{07d52fa4-cc5c-4c51-82cc-c53775e8a556}</UniqueIdentifier>
    </Filter>
    <Filter Include="Interfase implementations">
      <UniqueIdentifier>{9c0d483b-c4bd-4aeb-ace3-8a41a45ef608}</UniqueIdentifier>
    </Filter>
    <Filter Include="Interfase implementations\RenderFactory">
      <UniqueIdentifier>{e5118ac9-1b4f-474f-99ee-98a0700749c1}</UniqueIdentifier>
    </Filter>
    <Filter Include="Interfase implementations\LensFlare">
      <UniqueIdentifier>{bbad43b6-695b-4623-a35d-bf19a3d314d7}</UniqueIdentifier>
    </Filter>
    <Filter Include="Interfase implementations\FactoryPtr">
      <UniqueIdentifier>{83f8ff05-a1f3-4606-91d3-c84fb9ca44ac}</UniqueIdentifier>
    </Filter>
    <Filter Include="Interfase implementations\ApplicationRender">
      <UniqueIdentifier>{68da4615-7c13-4991-8258-293e7f38c085}</UniqueIdentifier>
    </Filter>
    <Filter Include="Interfase implementations\RainRender">
      <UniqueIdentifier>{92b7f2d2-84ae-43cf-b1cc-1c1bfcbb365c}</UniqueIdentifier>
    </Filter>
    <Filter Include="Interfase implementations\ThunderboltRender">
      <UniqueIdentifier>{ec155696-4018-4240-b462-3c747e1a1417}</UniqueIdentifier>
    </Filter>
    <Filter Include="Interfase implementations\EnvironmentRender">
      <UniqueIdentifier>{19a8beea-1c3c-4b7e-b8b3-54109eb14b86}</UniqueIdentifier>
    </Filter>
    <Filter Include="Interfase implementations\RenderDeviceRender">
      <UniqueIdentifier>{5f8a176b-8a68-41a8-83ed-5ef22ed42e86}</UniqueIdentifier>
    </Filter>
    <Filter Include="Interfase implementations\ConsoleRender">
      <UniqueIdentifier>{2306e530-ca53-4cc0-8750-b5bf02eb77cc}</UniqueIdentifier>
    </Filter>
    <Filter Include="Interfase implementations\ObjectSpaceRender">
      <UniqueIdentifier>{004e76f5-f0cc-4fab-89f6-aa5c2ec50327}</UniqueIdentifier>
    </Filter>
    <Filter Include="Interfase implementations\FontRender">
      <UniqueIdentifier>{e42c5665-d911-4563-b02e-2ca1ff0fb828}</UniqueIdentifier>
    </Filter>
    <Filter Include="Interfase implementations\WallMarkArray">
      <UniqueIdentifier>{3209b865-4f79-48e4-94de-65136444e8d0}</UniqueIdentifier>
    </Filter>
    <Filter Include="Interfase implementations\StatGraphRender">
      <UniqueIdentifier>{2253b75f-8030-43eb-91b5-e7dff6ad2f6e}</UniqueIdentifier>
    </Filter>
    <Filter Include="Interfase implementations\ThunderboltDescRender">
      <UniqueIdentifier>{0e19d973-0e9d-4c53-a884-cd733a3d11bb}</UniqueIdentifier>
    </Filter>
    <Filter Include="Interfase implementations\StatsRender">
      <UniqueIdentifier>{81a2e8c7-282b-40fc-9744-f80140c6d60b}</UniqueIdentifier>
    </Filter>
    <Filter Include="Interfase implementations\Debug">
      <UniqueIdentifier>{2c12882e-abf2-4a34-9f94-f71cc7117071}</UniqueIdentifier>
    </Filter>
    <Filter Include="Interfase implementations\Debug\DebugRender">
      <UniqueIdentifier>{652de013-0062-433d-85df-dc6f290dcf51}</UniqueIdentifier>
    </Filter>
    <Filter Include="Interfase implementations\UI">
      <UniqueIdentifier>{c79aaef6-345d-4415-b5c2-5c081e77afc0}</UniqueIdentifier>
    </Filter>
    <Filter Include="Interfase implementations\UI\UIRender">
      <UniqueIdentifier>{50ee1858-31e1-4220-ae5f-f34018a5fbda}</UniqueIdentifier>
    </Filter>
    <Filter Include="Interfase implementations\UI\UIShader">
      <UniqueIdentifier>{525df7e0-18a0-4512-a030-59703923bf6b}</UniqueIdentifier>
    </Filter>
    <Filter Include="Interfase implementations\UI\UISequenceVideoItem">
      <UniqueIdentifier>{fdb47d93-6705-4fc2-8182-cbe8f37e0783}</UniqueIdentifier>
    </Filter>
    <Filter Include="Refactored">
      <UniqueIdentifier>{fa3af437-83d0-4877-bd97-ab3ceb8c159e}</UniqueIdentifier>
    </Filter>
    <Filter Include="Refactored\HW">
      <UniqueIdentifier>{7abcd331-5b20-4e4e-aaea-a41ebd32431a}</UniqueIdentifier>
    </Filter>
    <Filter Include="Refactored\Backend">
      <UniqueIdentifier>{bf9dfb2f-f2a7-4e15-a28f-1ce2738d58cb}</UniqueIdentifier>
    </Filter>
    <Filter Include="Refactored\Execution &amp; 3D">
      <UniqueIdentifier>{e82bb376-a5fe-4294-9e5f-a13536d207ee}</UniqueIdentifier>
    </Filter>
    <Filter Include="Refactored\Execution &amp; 3D\Shaders">
      <UniqueIdentifier>{45e6f4e8-a4de-4f21-aa64-b196a31d11ad}</UniqueIdentifier>
    </Filter>
    <Filter Include="Refactored\Execution &amp; 3D\Shaders\Resources">
      <UniqueIdentifier>{0a73c950-fe43-4fd7-9b0f-d909ade79db3}</UniqueIdentifier>
    </Filter>
    <Filter Include="Refactored\Execution &amp; 3D\Shaders\Resources\dx9_R_shader">
      <UniqueIdentifier>{3e7f49e0-4ca9-430b-aa81-649d6832982b}</UniqueIdentifier>
    </Filter>
    <Filter Include="Refactored\Execution &amp; 3D\Shaders\ShaderManager">
      <UniqueIdentifier>{c87032f2-8acd-4d2a-94b5-b608366c5e07}</UniqueIdentifier>
    </Filter>
    <Filter Include="Refactored\Execution &amp; 3D\Shaders\Blender">
      <UniqueIdentifier>{36d02fb1-2e71-472c-8713-65e579ec8ddf}</UniqueIdentifier>
    </Filter>
    <Filter Include="Refactored\Execution &amp; 3D\DebugDraw">
      <UniqueIdentifier>{2fb4d931-44b2-4ab7-afe3-9242f8558312}</UniqueIdentifier>
    </Filter>
    <Filter Include="Refactored\Execution &amp; 3D\Visuals">
      <UniqueIdentifier>{42d04d23-c6d0-45ce-bea9-0917bbd20f69}</UniqueIdentifier>
    </Filter>
    <Filter Include="Refactored\Execution &amp; 3D\Visuals\Skeleton">
      <UniqueIdentifier>{f79289db-a366-49cf-bbc2-5259b261de25}</UniqueIdentifier>
    </Filter>
    <Filter Include="Refactored\Execution &amp; 3D\Gamma">
      <UniqueIdentifier>{0c7dc04b-6032-4cee-b0f5-235b1f65fd44}</UniqueIdentifier>
    </Filter>
    <Filter Include="Refactored\Interfaces">
      <UniqueIdentifier>{1415ab63-1388-421d-8264-6688ab46618e}</UniqueIdentifier>
    </Filter>
  </ItemGroup>
  <ItemGroup>
    <ClInclude Include="..\xrRender\cl_intersect.h">
      <Filter>Kernel</Filter>
    </ClInclude>
    <ClInclude Include="stdafx.h">
      <Filter>Kernel</Filter>
    </ClInclude>
    <ClInclude Include="..\xrRender\xrD3DDefs.h">
      <Filter>Kernel</Filter>
    </ClInclude>
    <ClInclude Include="..\xrRender\xrRender_console.h">
      <Filter>Kernel</Filter>
    </ClInclude>
    <ClInclude Include="FStaticRender.h">
      <Filter>Core</Filter>
    </ClInclude>
    <ClInclude Include="FStaticRender_RenderTarget.h">
      <Filter>Core</Filter>
    </ClInclude>
    <ClInclude Include="..\xrRender\PSLibrary.h">
      <Filter>Core</Filter>
    </ClInclude>
    <ClInclude Include="..\xrRender\r__dsgraph_structure.h">
      <Filter>Core</Filter>
    </ClInclude>
    <ClInclude Include="..\xrRender\r__dsgraph_types.h">
      <Filter>Core</Filter>
    </ClInclude>
    <ClInclude Include="..\xrRender\doug_lea_memory_allocator.h">
      <Filter>Core\memory</Filter>
    </ClInclude>
    <ClInclude Include="..\xrRender\DetailFormat.h">
      <Filter>Details</Filter>
    </ClInclude>
    <ClInclude Include="..\xrRender\DetailManager.h">
      <Filter>Details</Filter>
    </ClInclude>
    <ClInclude Include="..\xrRender\DetailModel.h">
      <Filter>Details</Filter>
    </ClInclude>
    <ClInclude Include="..\xrRender\NvTriStrip.h">
      <Filter>Stripifier</Filter>
    </ClInclude>
    <ClInclude Include="..\xrRender\NvTriStripObjects.h">
      <Filter>Stripifier</Filter>
    </ClInclude>
    <ClInclude Include="..\xrRender\VertexCache.h">
      <Filter>Stripifier</Filter>
    </ClInclude>
    <ClInclude Include="..\xrRender\xrStripify.h">
      <Filter>Stripifier</Filter>
    </ClInclude>
    <ClInclude Include="GlowManager.h">
      <Filter>Glows</Filter>
    </ClInclude>
    <ClInclude Include="..\xrRender\WallmarksEngine.h">
      <Filter>Wallmarks</Filter>
    </ClInclude>
    <ClInclude Include="Blender_Blur.h">
      <Filter>Shading templates</Filter>
    </ClInclude>
    <ClInclude Include="..\xrRender\Blender_BmmD.h">
      <Filter>Shading templates</Filter>
    </ClInclude>
    <ClInclude Include="Blender_default_aref.h">
      <Filter>Shading templates</Filter>
    </ClInclude>
    <ClInclude Include="..\xrRender\Blender_detail_still.h">
      <Filter>Shading templates</Filter>
    </ClInclude>
    <ClInclude Include="..\xrRender\Blender_Editor_Selection.h">
      <Filter>Shading templates</Filter>
    </ClInclude>
    <ClInclude Include="..\xrRender\Blender_Editor_Wire.h">
      <Filter>Shading templates</Filter>
    </ClInclude>
    <ClInclude Include="Blender_LaEmB.h">
      <Filter>Shading templates</Filter>
    </ClInclude>
    <ClInclude Include="..\xrRender\Blender_Lm(EbB).h">
      <Filter>Shading templates</Filter>
    </ClInclude>
    <ClInclude Include="Blender_Model.h">
      <Filter>Shading templates</Filter>
    </ClInclude>
    <ClInclude Include="..\xrRender\Blender_Model_EbB.h">
      <Filter>Shading templates</Filter>
    </ClInclude>
    <ClInclude Include="..\xrRender\Blender_Particle.h">
      <Filter>Shading templates</Filter>
    </ClInclude>
    <ClInclude Include="Blender_Screen_GRAY.h">
      <Filter>Shading templates</Filter>
    </ClInclude>
    <ClInclude Include="..\xrRender\Blender_Screen_SET.h">
      <Filter>Shading templates</Filter>
    </ClInclude>
    <ClInclude Include="Blender_Shadow_World.h">
      <Filter>Shading templates</Filter>
    </ClInclude>
    <ClInclude Include="..\xrRender\Blender_tree.h">
      <Filter>Shading templates</Filter>
    </ClInclude>
    <ClInclude Include="Blender_Vertex.h">
      <Filter>Shading templates</Filter>
    </ClInclude>
    <ClInclude Include="Blender_Vertex_aref.h">
      <Filter>Shading templates</Filter>
    </ClInclude>
    <ClInclude Include="BlenderDefault.h">
      <Filter>Shading templates</Filter>
    </ClInclude>
    <ClInclude Include="..\xrRender\ModelPool.h">
      <Filter>Models</Filter>
    </ClInclude>
    <ClInclude Include="..\xrRender\FLOD.h">
      <Filter>Models\Visuals</Filter>
    </ClInclude>
    <ClInclude Include="..\xrRender\FProgressive.h">
      <Filter>Models\Visuals</Filter>
    </ClInclude>
    <ClInclude Include="..\xrRender\FSkinned.h">
      <Filter>Models\Visuals</Filter>
    </ClInclude>
    <ClInclude Include="..\xrRender\FTreeVisual.h">
      <Filter>Models\Visuals</Filter>
    </ClInclude>
    <ClInclude Include="..\xrRender\FVisual.h">
      <Filter>Models\Visuals</Filter>
    </ClInclude>
    <ClInclude Include="..\xrRender\ParticleEffect.h">
      <Filter>Models\Visuals</Filter>
    </ClInclude>
    <ClInclude Include="..\xrRender\ParticleEffectDef.h">
      <Filter>Models\Visuals</Filter>
    </ClInclude>
    <ClInclude Include="..\xrRender\ParticleGroup.h">
      <Filter>Models\Visuals</Filter>
    </ClInclude>
    <ClInclude Include="..\xrRender\r__sector.h">
      <Filter>Visibility\Sector/Portal</Filter>
    </ClInclude>
    <ClInclude Include="..\xrRender\HOM.h">
      <Filter>Visibility\HOM Occlusion</Filter>
    </ClInclude>
    <ClInclude Include="..\xrRender\occRasterizer.h">
      <Filter>Visibility\HOM Occlusion</Filter>
    </ClInclude>
    <ClInclude Include="..\xrRender\light.h">
      <Filter>Lights</Filter>
    </ClInclude>
    <ClInclude Include="..\xrRender\Light_DB.h">
      <Filter>Lights</Filter>
    </ClInclude>
    <ClInclude Include="..\xrRender\Light_Package.h">
      <Filter>Lights</Filter>
    </ClInclude>
    <ClInclude Include="LightPPA.h">
      <Filter>Lights</Filter>
    </ClInclude>
    <ClInclude Include="LightProjector.h">
      <Filter>Lights</Filter>
    </ClInclude>
    <ClInclude Include="LightShadows.h">
      <Filter>Lights</Filter>
    </ClInclude>
    <ClInclude Include="..\xrRender\LightTrack.h">
      <Filter>Lights</Filter>
    </ClInclude>
    <ClInclude Include="..\xrRender\dxRenderFactory.h">
      <Filter>Interfase implementations\RenderFactory</Filter>
    </ClInclude>
    <ClInclude Include="..\..\Include\xrRender\RenderFactory.h">
      <Filter>Interfase implementations\RenderFactory</Filter>
    </ClInclude>
    <ClInclude Include="..\xrRender\dxLensFlareRender.h">
      <Filter>Interfase implementations\LensFlare</Filter>
    </ClInclude>
    <ClInclude Include="..\..\Include\xrRender\LensFlareRender.h">
      <Filter>Interfase implementations\LensFlare</Filter>
    </ClInclude>
    <ClInclude Include="..\..\Include\xrRender\FactoryPtr.h">
      <Filter>Interfase implementations\FactoryPtr</Filter>
    </ClInclude>
    <ClInclude Include="..\..\Include\xrRender\ApplicationRender.h">
      <Filter>Interfase implementations\ApplicationRender</Filter>
    </ClInclude>
    <ClInclude Include="..\xrRender\dxApplicationRender.h">
      <Filter>Interfase implementations\ApplicationRender</Filter>
    </ClInclude>
    <ClInclude Include="..\xrRender\dxRainRender.h">
      <Filter>Interfase implementations\RainRender</Filter>
    </ClInclude>
    <ClInclude Include="..\..\Include\xrRender\RainRender.h">
      <Filter>Interfase implementations\RainRender</Filter>
    </ClInclude>
    <ClInclude Include="..\xrRender\dxThunderboltRender.h">
      <Filter>Interfase implementations\ThunderboltRender</Filter>
    </ClInclude>
    <ClInclude Include="..\..\Include\xrRender\ThunderboltRender.h">
      <Filter>Interfase implementations\ThunderboltRender</Filter>
    </ClInclude>
    <ClInclude Include="..\xrRender\dxEnvironmentRender.h">
      <Filter>Interfase implementations\EnvironmentRender</Filter>
    </ClInclude>
    <ClInclude Include="..\..\Include\xrRender\EnvironmentRender.h">
      <Filter>Interfase implementations\EnvironmentRender</Filter>
    </ClInclude>
    <ClInclude Include="..\xrRender\dxRenderDeviceRender.h">
      <Filter>Interfase implementations\RenderDeviceRender</Filter>
    </ClInclude>
    <ClInclude Include="..\..\Include\xrRender\RenderDeviceRender.h">
      <Filter>Interfase implementations\RenderDeviceRender</Filter>
    </ClInclude>
    <ClInclude Include="..\..\Include\xrRender\ConsoleRender.h">
      <Filter>Interfase implementations\ConsoleRender</Filter>
    </ClInclude>
    <ClInclude Include="..\xrRender\dxConsoleRender.h">
      <Filter>Interfase implementations\ConsoleRender</Filter>
    </ClInclude>
    <ClInclude Include="..\xrRender\dxObjectSpaceRender.h">
      <Filter>Interfase implementations\ObjectSpaceRender</Filter>
    </ClInclude>
    <ClInclude Include="..\..\Include\xrRender\ObjectSpaceRender.h">
      <Filter>Interfase implementations\ObjectSpaceRender</Filter>
    </ClInclude>
    <ClInclude Include="..\xrRender\dxFontRender.h">
      <Filter>Interfase implementations\FontRender</Filter>
    </ClInclude>
    <ClInclude Include="..\..\Include\xrRender\FontRender.h">
      <Filter>Interfase implementations\FontRender</Filter>
    </ClInclude>
    <ClInclude Include="..\xrRender\dxWallMarkArray.h">
      <Filter>Interfase implementations\WallMarkArray</Filter>
    </ClInclude>
    <ClInclude Include="..\..\Include\xrRender\WallMarkArray.h">
      <Filter>Interfase implementations\WallMarkArray</Filter>
    </ClInclude>
    <ClInclude Include="..\xrRender\dxStatGraphRender.h">
      <Filter>Interfase implementations\StatGraphRender</Filter>
    </ClInclude>
    <ClInclude Include="..\..\Include\xrRender\StatGraphRender.h">
      <Filter>Interfase implementations\StatGraphRender</Filter>
    </ClInclude>
    <ClInclude Include="..\xrRender\dxThunderboltDescRender.h">
      <Filter>Interfase implementations\ThunderboltDescRender</Filter>
    </ClInclude>
    <ClInclude Include="..\..\Include\xrRender\ThunderboltDescRender.h">
      <Filter>Interfase implementations\ThunderboltDescRender</Filter>
    </ClInclude>
    <ClInclude Include="..\xrRender\dxStatsRender.h">
      <Filter>Interfase implementations\StatsRender</Filter>
    </ClInclude>
    <ClInclude Include="..\..\Include\xrRender\StatsRender.h">
      <Filter>Interfase implementations\StatsRender</Filter>
    </ClInclude>
    <ClInclude Include="..\..\Include\xrRender\DebugShader.h">
      <Filter>Interfase implementations\Debug</Filter>
    </ClInclude>
    <ClInclude Include="..\..\Include\xrRender\DebugRender.h">
      <Filter>Interfase implementations\Debug\DebugRender</Filter>
    </ClInclude>
    <ClInclude Include="..\xrRender\dxDebugRender.h">
      <Filter>Interfase implementations\Debug\DebugRender</Filter>
    </ClInclude>
    <ClInclude Include="..\xrRender\dxUIRender.h">
      <Filter>Interfase implementations\UI\UIRender</Filter>
    </ClInclude>
    <ClInclude Include="..\..\Include\xrRender\UIRender.h">
      <Filter>Interfase implementations\UI\UIRender</Filter>
    </ClInclude>
    <ClInclude Include="..\xrRender\dxUIShader.h">
      <Filter>Interfase implementations\UI\UIShader</Filter>
    </ClInclude>
    <ClInclude Include="..\..\Include\xrRender\UIShader.h">
      <Filter>Interfase implementations\UI\UIShader</Filter>
    </ClInclude>
    <ClInclude Include="..\xrRender\dxUISequenceVideoItem.h">
      <Filter>Interfase implementations\UI\UISequenceVideoItem</Filter>
    </ClInclude>
    <ClInclude Include="..\..\Include\xrRender\UISequenceVideoItem.h">
      <Filter>Interfase implementations\UI\UISequenceVideoItem</Filter>
    </ClInclude>
    <ClInclude Include="..\xrRender\HW.h">
      <Filter>Refactored\HW</Filter>
    </ClInclude>
    <ClInclude Include="..\xrRender\HWCaps.h">
      <Filter>Refactored\HW</Filter>
    </ClInclude>
    <ClInclude Include="..\xrRenderDX9\dx9R_Backend_Runtime.h">
      <Filter>Refactored\Backend</Filter>
    </ClInclude>
    <ClInclude Include="..\xrRender\FVF.h">
      <Filter>Refactored\Backend</Filter>
    </ClInclude>
    <ClInclude Include="..\xrRender\R_Backend.h">
      <Filter>Refactored\Backend</Filter>
    </ClInclude>
    <ClInclude Include="..\xrRender\R_Backend_hemi.h">
      <Filter>Refactored\Backend</Filter>
    </ClInclude>
    <ClInclude Include="..\xrRender\R_Backend_Runtime.h">
      <Filter>Refactored\Backend</Filter>
    </ClInclude>
    <ClInclude Include="..\xrRender\R_Backend_tree.h">
      <Filter>Refactored\Backend</Filter>
    </ClInclude>
    <ClInclude Include="..\xrRender\R_Backend_xform.h">
      <Filter>Refactored\Backend</Filter>
    </ClInclude>
    <ClInclude Include="..\xrRender\R_DStreams.h">
      <Filter>Refactored\Backend</Filter>
    </ClInclude>
    <ClInclude Include="..\xrRender\r_constants.h">
      <Filter>Refactored\Execution &amp; 3D\Shaders\Resources</Filter>
    </ClInclude>
    <ClInclude Include="..\xrRender\SH_Atomic.h">
      <Filter>Refactored\Execution &amp; 3D\Shaders\Resources</Filter>
    </ClInclude>
    <ClInclude Include="..\xrRender\SH_Constant.h">
      <Filter>Refactored\Execution &amp; 3D\Shaders\Resources</Filter>
    </ClInclude>
    <ClInclude Include="..\xrRender\SH_Matrix.h">
      <Filter>Refactored\Execution &amp; 3D\Shaders\Resources</Filter>
    </ClInclude>
    <ClInclude Include="..\xrRender\SH_RT.h">
      <Filter>Refactored\Execution &amp; 3D\Shaders\Resources</Filter>
    </ClInclude>
    <ClInclude Include="..\xrRender\SH_Texture.h">
      <Filter>Refactored\Execution &amp; 3D\Shaders\Resources</Filter>
    </ClInclude>
    <ClInclude Include="..\xrRender\Shader.h">
      <Filter>Refactored\Execution &amp; 3D\Shaders\Resources</Filter>
    </ClInclude>
    <ClInclude Include="..\xrRenderDX9\dx9r_constants_cache.h">
      <Filter>Refactored\Execution &amp; 3D\Shaders\Resources\dx9_R_shader</Filter>
    </ClInclude>
    <ClInclude Include="..\xrRender\r_constants_cache.h">
      <Filter>Refactored\Execution &amp; 3D\Shaders\Resources\dx9_R_shader</Filter>
    </ClInclude>
    <ClInclude Include="..\xrRender\ETextureParams.h">
      <Filter>Refactored\Execution &amp; 3D\Shaders\ShaderManager</Filter>
    </ClInclude>
    <ClInclude Include="..\xrRender\ResourceManager.h">
      <Filter>Refactored\Execution &amp; 3D\Shaders\ShaderManager</Filter>
    </ClInclude>
    <ClInclude Include="..\xrRender\TextureDescrManager.h">
      <Filter>Refactored\Execution &amp; 3D\Shaders\ShaderManager</Filter>
    </ClInclude>
    <ClInclude Include="..\xrRender\blenders\Blender.h">
      <Filter>Refactored\Execution &amp; 3D\Shaders\Blender</Filter>
    </ClInclude>
    <ClInclude Include="..\xrRender\blenders\Blender_CLSID.h">
      <Filter>Refactored\Execution &amp; 3D\Shaders\Blender</Filter>
    </ClInclude>
    <ClInclude Include="..\xrRender\blenders\Blender_Recorder.h">
      <Filter>Refactored\Execution &amp; 3D\Shaders\Blender</Filter>
    </ClInclude>
    <ClInclude Include="..\xrRender\tss.h">
      <Filter>Refactored\Execution &amp; 3D\Shaders\Blender</Filter>
    </ClInclude>
    <ClInclude Include="..\xrRender\tss_def.h">
      <Filter>Refactored\Execution &amp; 3D\Shaders\Blender</Filter>
    </ClInclude>
    <ClInclude Include="..\xrRender\D3DUtils.h">
      <Filter>Refactored\Execution &amp; 3D\DebugDraw</Filter>
    </ClInclude>
    <ClInclude Include="..\..\Include\xrRender\DrawUtils.h">
      <Filter>Refactored\Execution &amp; 3D\DebugDraw</Filter>
    </ClInclude>
    <ClInclude Include="..\xrRender\du_box.h">
      <Filter>Refactored\Execution &amp; 3D\DebugDraw</Filter>
    </ClInclude>
    <ClInclude Include="..\xrRender\du_cone.h">
      <Filter>Refactored\Execution &amp; 3D\DebugDraw</Filter>
    </ClInclude>
    <ClInclude Include="..\xrRender\du_cylinder.h">
      <Filter>Refactored\Execution &amp; 3D\DebugDraw</Filter>
    </ClInclude>
    <ClInclude Include="..\xrRender\du_sphere.h">
      <Filter>Refactored\Execution &amp; 3D\DebugDraw</Filter>
    </ClInclude>
    <ClInclude Include="..\xrRender\du_sphere_part.h">
      <Filter>Refactored\Execution &amp; 3D\DebugDraw</Filter>
    </ClInclude>
    <ClInclude Include="..\xrRender\dxParticleCustom.h">
      <Filter>Refactored\Execution &amp; 3D\Visuals</Filter>
    </ClInclude>
    <ClInclude Include="..\xrRender\FBasicVisual.h">
      <Filter>Refactored\Execution &amp; 3D\Visuals</Filter>
    </ClInclude>
    <ClInclude Include="..\xrRender\FHierrarhyVisual.h">
      <Filter>Refactored\Execution &amp; 3D\Visuals</Filter>
    </ClInclude>
    <ClInclude Include="..\..\Include\xrRender\ParticleCustom.h">
      <Filter>Refactored\Execution &amp; 3D\Visuals</Filter>
    </ClInclude>
    <ClInclude Include="..\..\Include\xrRender\RenderVisual.h">
      <Filter>Refactored\Execution &amp; 3D\Visuals</Filter>
    </ClInclude>
    <ClInclude Include="..\xrRender\Animation.h">
      <Filter>Refactored\Execution &amp; 3D\Visuals\Skeleton</Filter>
    </ClInclude>
    <ClInclude Include="..\..\Include\xrRender\animation_blend.h">
      <Filter>Refactored\Execution &amp; 3D\Visuals\Skeleton</Filter>
    </ClInclude>
    <ClInclude Include="..\..\Include\xrRender\animation_motion.h">
      <Filter>Refactored\Execution &amp; 3D\Visuals\Skeleton</Filter>
    </ClInclude>
    <ClInclude Include="..\xrRender\AnimationKeyCalculate.h">
      <Filter>Refactored\Execution &amp; 3D\Visuals\Skeleton</Filter>
    </ClInclude>
    <ClInclude Include="..\xrRender\KinematicAnimatedDefs.h">
      <Filter>Refactored\Execution &amp; 3D\Visuals\Skeleton</Filter>
    </ClInclude>
    <ClInclude Include="..\..\Include\xrRender\Kinematics.h">
      <Filter>Refactored\Execution &amp; 3D\Visuals\Skeleton</Filter>
    </ClInclude>
    <ClInclude Include="..\..\Include\xrRender\KinematicsAnimated.h">
      <Filter>Refactored\Execution &amp; 3D\Visuals\Skeleton</Filter>
    </ClInclude>
    <ClInclude Include="..\xrRender\SkeletonAnimated.h">
      <Filter>Refactored\Execution &amp; 3D\Visuals\Skeleton</Filter>
    </ClInclude>
    <ClInclude Include="..\xrRender\SkeletonCustom.h">
      <Filter>Refactored\Execution &amp; 3D\Visuals\Skeleton</Filter>
    </ClInclude>
    <ClInclude Include="..\xrRender\SkeletonX.h">
      <Filter>Refactored\Execution &amp; 3D\Visuals\Skeleton</Filter>
    </ClInclude>
    <ClInclude Include="..\xrRender\SkeletonXVertRender.h">
      <Filter>Refactored\Execution &amp; 3D\Visuals\Skeleton</Filter>
    </ClInclude>
    <ClInclude Include="..\xrRender\xr_effgamma.h">
      <Filter>Refactored\Execution &amp; 3D\Gamma</Filter>
    </ClInclude>
    <ClInclude Include="..\xrRender\IRenderDetailModel.h">
      <Filter>Refactored\Interfaces</Filter>
    </ClInclude>
    <ClInclude Include="..\..\Include\xrRender\RenderDetailModel.h">
      <Filter>Refactored\Interfaces</Filter>
    </ClInclude>
  </ItemGroup>
  <ItemGroup>
    <ClCompile Include="stdafx.cpp">
      <Filter>Kernel</Filter>
    </ClCompile>
    <ClCompile Include="..\xrRender\xrRender_console.cpp">
      <Filter>Kernel</Filter>
    </ClCompile>
    <ClCompile Include="xrRender_R1.cpp">
      <Filter>Kernel</Filter>
    </ClCompile>
    <ClCompile Include="FStaticRender.cpp">
      <Filter>Core</Filter>
    </ClCompile>
    <ClCompile Include="FStaticRender_Blenders.cpp">
      <Filter>Core</Filter>
    </ClCompile>
    <ClCompile Include="FStaticRender_DetectSector.cpp">
      <Filter>Core</Filter>
    </ClCompile>
    <ClCompile Include="FStaticRender_Loader.cpp">
      <Filter>Core</Filter>
    </ClCompile>
    <ClCompile Include="FStaticRender_RenderTarget.cpp">
      <Filter>Core</Filter>
    </ClCompile>
    <ClCompile Include="..\xrRender\PSLibrary.cpp">
      <Filter>Core</Filter>
    </ClCompile>
    <ClCompile Include="..\xrRender\r__dsgraph_build.cpp">
      <Filter>Core</Filter>
    </ClCompile>
    <ClCompile Include="..\xrRender\r__dsgraph_render.cpp">
      <Filter>Core</Filter>
    </ClCompile>
    <ClCompile Include="..\xrRender\r__dsgraph_render_lods.cpp">
      <Filter>Core</Filter>
    </ClCompile>
    <ClCompile Include="..\xrRender\r__screenshot.cpp">
      <Filter>Core</Filter>
    </ClCompile>
    <ClCompile Include="..\xrRender\Texture.cpp">
      <Filter>Core</Filter>
    </ClCompile>
    <ClCompile Include="..\xrRender\tga.cpp">
      <Filter>Core</Filter>
    </ClCompile>
    <ClCompile Include="..\xrRender\doug_lea_memory_allocator.c">
      <Filter>Core\memory</Filter>
    </ClCompile>
    <ClCompile Include="..\xrRender\DetailManager.cpp">
      <Filter>Details</Filter>
    </ClCompile>
    <ClCompile Include="..\xrRender\DetailManager_CACHE.cpp">
      <Filter>Details</Filter>
    </ClCompile>
    <ClCompile Include="..\xrRender\DetailManager_Decompress.cpp">
      <Filter>Details</Filter>
    </ClCompile>
    <ClCompile Include="..\xrRender\DetailManager_soft.cpp">
      <Filter>Details</Filter>
    </ClCompile>
    <ClCompile Include="..\xrRender\DetailManager_VS.cpp">
      <Filter>Details</Filter>
    </ClCompile>
    <ClCompile Include="..\xrRender\DetailModel.cpp">
      <Filter>Details</Filter>
    </ClCompile>
    <ClCompile Include="..\xrRender\NvTriStrip.cpp">
      <Filter>Stripifier</Filter>
    </ClCompile>
    <ClCompile Include="..\xrRender\NvTriStripObjects.cpp">
      <Filter>Stripifier</Filter>
    </ClCompile>
    <ClCompile Include="..\xrRender\VertexCache.cpp">
      <Filter>Stripifier</Filter>
    </ClCompile>
    <ClCompile Include="..\xrRender\xrStripify.cpp">
      <Filter>Stripifier</Filter>
    </ClCompile>
    <ClCompile Include="GlowManager.cpp">
      <Filter>Glows</Filter>
    </ClCompile>
    <ClCompile Include="..\xrRender\WallmarksEngine.cpp">
      <Filter>Wallmarks</Filter>
    </ClCompile>
    <ClCompile Include="Blender_Blur.cpp">
      <Filter>Shading templates</Filter>
    </ClCompile>
    <ClCompile Include="..\xrRender\Blender_BmmD.cpp">
      <Filter>Shading templates</Filter>
    </ClCompile>
    <ClCompile Include="Blender_default_aref.cpp">
      <Filter>Shading templates</Filter>
    </ClCompile>
    <ClCompile Include="..\xrRender\Blender_detail_still.cpp">
      <Filter>Shading templates</Filter>
    </ClCompile>
    <ClCompile Include="..\xrRender\Blender_Editor_Selection.cpp">
      <Filter>Shading templates</Filter>
    </ClCompile>
    <ClCompile Include="..\xrRender\Blender_Editor_Wire.cpp">
      <Filter>Shading templates</Filter>
    </ClCompile>
    <ClCompile Include="Blender_LaEmB.cpp">
      <Filter>Shading templates</Filter>
    </ClCompile>
    <ClCompile Include="..\xrRender\Blender_Lm(EbB).cpp">
      <Filter>Shading templates</Filter>
    </ClCompile>
    <ClCompile Include="Blender_Model.cpp">
      <Filter>Shading templates</Filter>
    </ClCompile>
    <ClCompile Include="..\xrRender\Blender_Model_EbB.cpp">
      <Filter>Shading templates</Filter>
    </ClCompile>
    <ClCompile Include="..\xrRender\Blender_Particle.cpp">
      <Filter>Shading templates</Filter>
    </ClCompile>
    <ClCompile Include="Blender_Screen_GRAY.cpp">
      <Filter>Shading templates</Filter>
    </ClCompile>
    <ClCompile Include="..\xrRender\Blender_Screen_SET.cpp">
      <Filter>Shading templates</Filter>
    </ClCompile>
    <ClCompile Include="Blender_Shadow_World.cpp">
      <Filter>Shading templates</Filter>
    </ClCompile>
    <ClCompile Include="..\xrRender\Blender_tree.cpp">
      <Filter>Shading templates</Filter>
    </ClCompile>
    <ClCompile Include="Blender_Vertex.cpp">
      <Filter>Shading templates</Filter>
    </ClCompile>
    <ClCompile Include="Blender_Vertex_aref.cpp">
      <Filter>Shading templates</Filter>
    </ClCompile>
    <ClCompile Include="BlenderDefault.cpp">
      <Filter>Shading templates</Filter>
    </ClCompile>
    <ClCompile Include="..\xrRender\ModelPool.cpp">
      <Filter>Models</Filter>
    </ClCompile>
    <ClCompile Include="..\xrRender\FLOD.cpp">
      <Filter>Models\Visuals</Filter>
    </ClCompile>
    <ClCompile Include="..\xrRender\FProgressive.cpp">
      <Filter>Models\Visuals</Filter>
    </ClCompile>
    <ClCompile Include="..\xrRender\FSkinned.cpp">
      <Filter>Models\Visuals</Filter>
    </ClCompile>
    <ClCompile Include="..\xrRender\FTreeVisual.cpp">
      <Filter>Models\Visuals</Filter>
    </ClCompile>
    <ClCompile Include="..\xrRender\FVisual.cpp">
      <Filter>Models\Visuals</Filter>
    </ClCompile>
    <ClCompile Include="..\xrRender\ParticleEffect.cpp">
      <Filter>Models\Visuals</Filter>
    </ClCompile>
    <ClCompile Include="..\xrRender\ParticleEffectDef.cpp">
      <Filter>Models\Visuals</Filter>
    </ClCompile>
    <ClCompile Include="..\xrRender\ParticleGroup.cpp">
      <Filter>Models\Visuals</Filter>
    </ClCompile>
    <ClCompile Include="..\xrRender\r__sector.cpp">
      <Filter>Visibility\Sector/Portal</Filter>
    </ClCompile>
    <ClCompile Include="..\xrRender\r__sector_traversal.cpp">
      <Filter>Visibility\Sector/Portal</Filter>
    </ClCompile>
    <ClCompile Include="..\xrRender\HOM.cpp">
      <Filter>Visibility\HOM Occlusion</Filter>
    </ClCompile>
    <ClCompile Include="..\xrRender\occRasterizer.cpp">
      <Filter>Visibility\HOM Occlusion</Filter>
    </ClCompile>
    <ClCompile Include="..\xrRender\occRasterizer_core.cpp">
      <Filter>Visibility\HOM Occlusion</Filter>
    </ClCompile>
    <ClCompile Include="..\xrRender\light.cpp">
      <Filter>Lights</Filter>
    </ClCompile>
    <ClCompile Include="..\xrRender\Light_DB.cpp">
      <Filter>Lights</Filter>
    </ClCompile>
    <ClCompile Include="..\xrRender\Light_Package.cpp">
      <Filter>Lights</Filter>
    </ClCompile>
    <ClCompile Include="LightPPA.cpp">
      <Filter>Lights</Filter>
    </ClCompile>
    <ClCompile Include="LightProjector.cpp">
      <Filter>Lights</Filter>
    </ClCompile>
    <ClCompile Include="LightShadows.cpp">
      <Filter>Lights</Filter>
    </ClCompile>
    <ClCompile Include="..\xrRender\LightTrack.cpp">
      <Filter>Lights</Filter>
    </ClCompile>
    <ClCompile Include="..\xrRender\dxRenderFactory.cpp">
      <Filter>Interfase implementations\RenderFactory</Filter>
    </ClCompile>
    <ClCompile Include="..\xrRender\dxLensFlareRender.cpp">
      <Filter>Interfase implementations\LensFlare</Filter>
    </ClCompile>
    <ClCompile Include="..\xrRender\dxApplicationRender.cpp">
      <Filter>Interfase implementations\ApplicationRender</Filter>
    </ClCompile>
    <ClCompile Include="..\xrRender\dxRainRender.cpp">
      <Filter>Interfase implementations\RainRender</Filter>
    </ClCompile>
    <ClCompile Include="..\xrRender\dxThunderboltRender.cpp">
      <Filter>Interfase implementations\ThunderboltRender</Filter>
    </ClCompile>
    <ClCompile Include="..\xrRender\dxEnvironmentRender.cpp">
      <Filter>Interfase implementations\EnvironmentRender</Filter>
    </ClCompile>
    <ClCompile Include="..\xrRender\dxRenderDeviceRender.cpp">
      <Filter>Interfase implementations\RenderDeviceRender</Filter>
    </ClCompile>
    <ClCompile Include="..\xrRender\dxConsoleRender.cpp">
      <Filter>Interfase implementations\ConsoleRender</Filter>
    </ClCompile>
    <ClCompile Include="..\xrRender\dxObjectSpaceRender.cpp">
      <Filter>Interfase implementations\ObjectSpaceRender</Filter>
    </ClCompile>
    <ClCompile Include="..\xrRender\dxFontRender.cpp">
      <Filter>Interfase implementations\FontRender</Filter>
    </ClCompile>
    <ClCompile Include="..\xrRender\dxWallMarkArray.cpp">
      <Filter>Interfase implementations\WallMarkArray</Filter>
    </ClCompile>
    <ClCompile Include="..\xrRender\dxStatGraphRender.cpp">
      <Filter>Interfase implementations\StatGraphRender</Filter>
    </ClCompile>
    <ClCompile Include="..\xrRender\dxThunderboltDescRender.cpp">
      <Filter>Interfase implementations\ThunderboltDescRender</Filter>
    </ClCompile>
    <ClCompile Include="..\xrRender\dxStatsRender.cpp">
      <Filter>Interfase implementations\StatsRender</Filter>
    </ClCompile>
    <ClCompile Include="..\xrRender\dxDebugRender.cpp">
      <Filter>Interfase implementations\Debug\DebugRender</Filter>
    </ClCompile>
    <ClCompile Include="..\xrRender\dxUIRender.cpp">
      <Filter>Interfase implementations\UI\UIRender</Filter>
    </ClCompile>
    <ClCompile Include="..\xrRender\dxUIShader.cpp">
      <Filter>Interfase implementations\UI\UIShader</Filter>
    </ClCompile>
    <ClCompile Include="..\xrRender\dxUISequenceVideoItem.cpp">
      <Filter>Interfase implementations\UI\UISequenceVideoItem</Filter>
    </ClCompile>
    <ClCompile Include="..\xrRender\HW.cpp">
      <Filter>Refactored\HW</Filter>
    </ClCompile>
    <ClCompile Include="..\xrRender\HWCaps.cpp">
      <Filter>Refactored\HW</Filter>
    </ClCompile>
    <ClCompile Include="..\xrRender\R_Backend.cpp">
      <Filter>Refactored\Backend</Filter>
    </ClCompile>
    <ClCompile Include="..\xrRender\R_Backend_DBG.cpp">
      <Filter>Refactored\Backend</Filter>
    </ClCompile>
    <ClCompile Include="..\xrRender\R_Backend_hemi.cpp">
      <Filter>Refactored\Backend</Filter>
    </ClCompile>
    <ClCompile Include="..\xrRender\R_Backend_Runtime.cpp">
      <Filter>Refactored\Backend</Filter>
    </ClCompile>
    <ClCompile Include="..\xrRender\R_Backend_tree.cpp">
      <Filter>Refactored\Backend</Filter>
    </ClCompile>
    <ClCompile Include="..\xrRender\R_Backend_xform.cpp">
      <Filter>Refactored\Backend</Filter>
    </ClCompile>
    <ClCompile Include="..\xrRender\R_DStreams.cpp">
      <Filter>Refactored\Backend</Filter>
    </ClCompile>
    <ClCompile Include="..\xrRender\r_constants.cpp">
      <Filter>Refactored\Execution &amp; 3D\Shaders\Resources</Filter>
    </ClCompile>
    <ClCompile Include="..\xrRender\SH_Atomic.cpp">
      <Filter>Refactored\Execution &amp; 3D\Shaders\Resources</Filter>
    </ClCompile>
    <ClCompile Include="..\xrRender\SH_Constant.cpp">
      <Filter>Refactored\Execution &amp; 3D\Shaders\Resources</Filter>
    </ClCompile>
    <ClCompile Include="..\xrRender\SH_Matrix.cpp">
      <Filter>Refactored\Execution &amp; 3D\Shaders\Resources</Filter>
    </ClCompile>
    <ClCompile Include="..\xrRender\SH_RT.cpp">
      <Filter>Refactored\Execution &amp; 3D\Shaders\Resources</Filter>
    </ClCompile>
    <ClCompile Include="..\xrRender\SH_Texture.cpp">
      <Filter>Refactored\Execution &amp; 3D\Shaders\Resources</Filter>
    </ClCompile>
    <ClCompile Include="..\xrRender\Shader.cpp">
      <Filter>Refactored\Execution &amp; 3D\Shaders\Resources</Filter>
    </ClCompile>
    <ClCompile Include="..\xrRenderDX9\dx9r_constants_cache.cpp">
      <Filter>Refactored\Execution &amp; 3D\Shaders\Resources\dx9_R_shader</Filter>
    </ClCompile>
    <ClCompile Include="..\..\xrEngine\ai_script_lua_debug.cpp">
      <Filter>Refactored\Execution &amp; 3D\Shaders\ShaderManager</Filter>
    </ClCompile>
    <ClCompile Include="..\..\xrEngine\ai_script_lua_extension.cpp">
      <Filter>Refactored\Execution &amp; 3D\Shaders\ShaderManager</Filter>
    </ClCompile>
    <ClCompile Include="..\xrRender\ETextureParams.cpp">
      <Filter>Refactored\Execution &amp; 3D\Shaders\ShaderManager</Filter>
    </ClCompile>
    <ClCompile Include="..\xrRender\ResourceManager.cpp">
      <Filter>Refactored\Execution &amp; 3D\Shaders\ShaderManager</Filter>
    </ClCompile>
    <ClCompile Include="..\xrRender\ResourceManager_Loader.cpp">
      <Filter>Refactored\Execution &amp; 3D\Shaders\ShaderManager</Filter>
    </ClCompile>
    <ClCompile Include="..\xrRender\ResourceManager_Reset.cpp">
      <Filter>Refactored\Execution &amp; 3D\Shaders\ShaderManager</Filter>
    </ClCompile>
    <ClCompile Include="..\xrRender\ResourceManager_Resources.cpp">
      <Filter>Refactored\Execution &amp; 3D\Shaders\ShaderManager</Filter>
    </ClCompile>
    <ClCompile Include="..\xrRender\ResourceManager_Scripting.cpp">
      <Filter>Refactored\Execution &amp; 3D\Shaders\ShaderManager</Filter>
    </ClCompile>
    <ClCompile Include="..\xrRender\TextureDescrManager.cpp">
      <Filter>Refactored\Execution &amp; 3D\Shaders\ShaderManager</Filter>
    </ClCompile>
    <ClCompile Include="..\xrRender\blenders\Blender.cpp">
      <Filter>Refactored\Execution &amp; 3D\Shaders\Blender</Filter>
    </ClCompile>
    <ClCompile Include="..\xrRender\blenders\Blender_Palette.cpp">
      <Filter>Refactored\Execution &amp; 3D\Shaders\Blender</Filter>
    </ClCompile>
    <ClCompile Include="..\xrRender\blenders\Blender_Recorder.cpp">
      <Filter>Refactored\Execution &amp; 3D\Shaders\Blender</Filter>
    </ClCompile>
    <ClCompile Include="..\xrRender\Blender_Recorder_R2.cpp">
      <Filter>Refactored\Execution &amp; 3D\Shaders\Blender</Filter>
    </ClCompile>
    <ClCompile Include="..\xrRender\Blender_Recorder_StandartBinding.cpp">
      <Filter>Refactored\Execution &amp; 3D\Shaders\Blender</Filter>
    </ClCompile>
    <ClCompile Include="..\xrRender\tss_def.cpp">
      <Filter>Refactored\Execution &amp; 3D\Shaders\Blender</Filter>
    </ClCompile>
    <ClCompile Include="..\xrRender\D3DUtils.cpp">
      <Filter>Refactored\Execution &amp; 3D\DebugDraw</Filter>
    </ClCompile>
    <ClCompile Include="..\xrRender\du_box.cpp">
      <Filter>Refactored\Execution &amp; 3D\DebugDraw</Filter>
    </ClCompile>
    <ClCompile Include="..\xrRender\du_cone.cpp">
      <Filter>Refactored\Execution &amp; 3D\DebugDraw</Filter>
    </ClCompile>
    <ClCompile Include="..\xrRender\du_cylinder.cpp">
      <Filter>Refactored\Execution &amp; 3D\DebugDraw</Filter>
    </ClCompile>
    <ClCompile Include="..\xrRender\du_sphere.cpp">
      <Filter>Refactored\Execution &amp; 3D\DebugDraw</Filter>
    </ClCompile>
    <ClCompile Include="..\xrRender\du_sphere_part.cpp">
      <Filter>Refactored\Execution &amp; 3D\DebugDraw</Filter>
    </ClCompile>
    <ClCompile Include="..\xrRender\dxParticleCustom.cpp">
      <Filter>Refactored\Execution &amp; 3D\Visuals</Filter>
    </ClCompile>
    <ClCompile Include="..\xrRender\FBasicVisual.cpp">
      <Filter>Refactored\Execution &amp; 3D\Visuals</Filter>
    </ClCompile>
    <ClCompile Include="..\xrRender\FHierrarhyVisual.cpp">
      <Filter>Refactored\Execution &amp; 3D\Visuals</Filter>
    </ClCompile>
    <ClCompile Include="..\xrRender\Animation.cpp">
      <Filter>Refactored\Execution &amp; 3D\Visuals\Skeleton</Filter>
    </ClCompile>
    <ClCompile Include="..\xrRender\SkeletonAnimated.cpp">
      <Filter>Refactored\Execution &amp; 3D\Visuals\Skeleton</Filter>
    </ClCompile>
    <ClCompile Include="..\xrRender\SkeletonCustom.cpp">
      <Filter>Refactored\Execution &amp; 3D\Visuals\Skeleton</Filter>
    </ClCompile>
    <ClCompile Include="..\xrRender\SkeletonRigid.cpp">
      <Filter>Refactored\Execution &amp; 3D\Visuals\Skeleton</Filter>
    </ClCompile>
    <ClCompile Include="..\xrRender\SkeletonX.cpp">
      <Filter>Refactored\Execution &amp; 3D\Visuals\Skeleton</Filter>
    </ClCompile>
    <ClCompile Include="..\xrRender\xr_effgamma.cpp">
      <Filter>Refactored\Execution &amp; 3D\Gamma</Filter>
    </ClCompile>
  </ItemGroup>
  <ItemGroup>
    <Text Include="Pipeline.txt" />
  </ItemGroup>
</Project>