<?xml version="1.0" encoding="utf-8"?>
<Project ToolsVersion="4.0" xmlns="http://schemas.microsoft.com/developer/msbuild/2003">
  <ItemGroup>
    <Filter Include="Dialogs">
      <UniqueIdentifier>{619824e0-8683-40ef-9bbc-b436beaeb9c8}</UniqueIdentifier>
    </Filter>
    <Filter Include="Dialogs\Source Files">
      <UniqueIdentifier>{d9c7459d-b168-4f8a-bca8-d1313ef1594f}</UniqueIdentifier>
      <Extensions>cpp;c;cxx;def;odl;idl;hpj;bat;asm</Extensions>
    </Filter>
    <Filter Include="Dialogs\Header Files">
      <UniqueIdentifier>{d03ceadd-ce0a-4283-9766-6028b13895a6}</UniqueIdentifier>
      <Extensions>h;hpp;hxx;hm;inl;inc</Extensions>
    </Filter>
    <Filter Include="Collections">
      <UniqueIdentifier>{e653e4df-6b94-4898-a20f-1826d63431a8}</UniqueIdentifier>
    </Filter>
    <Filter Include="Collections\Source Files">
      <UniqueIdentifier>{9abaf90b-441a-4732-ad7b-a4f2849128c4}</UniqueIdentifier>
      <Extensions>cpp;c;cxx;def;odl;idl;hpj;bat;asm</Extensions>
    </Filter>
    <Filter Include="Collections\Header Files">
      <UniqueIdentifier>{8e447a45-8a0e-41fa-afd7-aa407f8e182b}</UniqueIdentifier>
      <Extensions>h;hpp;hxx;hm;inl;inc</Extensions>
    </Filter>
    <Filter Include="Controls">
      <UniqueIdentifier>{54afd29e-61fc-4428-87d8-4dfc6826ce13}</UniqueIdentifier>
    </Filter>
    <Filter Include="Controls\Source Files">
      <UniqueIdentifier>{1a4e6cf5-a81a-49ca-8971-fd5b088cd885}</UniqueIdentifier>
      <Extensions>cpp;c;cxx;def;odl;idl;hpj;bat;asm</Extensions>
    </Filter>
    <Filter Include="Controls\Header Files">
      <UniqueIdentifier>{6fd342a5-fea0-4710-89d8-0e31024abde9}</UniqueIdentifier>
      <Extensions>h;hpp;hxx;hm;inl;inc</Extensions>
    </Filter>
    <Filter Include="System">
      <UniqueIdentifier>{554322a5-227d-4f0c-93c6-729c63cd90c5}</UniqueIdentifier>
    </Filter>
    <Filter Include="System\Source Files">
      <UniqueIdentifier>{bd6e7986-d2fe-4058-9901-9fb270e88fe8}</UniqueIdentifier>
      <Extensions>cpp;c;cxx;def;odl;idl;hpj;bat;asm</Extensions>
    </Filter>
    <Filter Include="System\Source Files\XML">
      <UniqueIdentifier>{331fcd6d-4ee0-49b1-97aa-e144346cc76e}</UniqueIdentifier>
    </Filter>
    <Filter Include="System\Source Files\XML\Source Files">
      <UniqueIdentifier>{df64d51c-cc91-4c2c-90f7-88c9b293df5b}</UniqueIdentifier>
      <Extensions>cpp;c;cxx;def;odl;idl;hpj;bat;asm</Extensions>
    </Filter>
    <Filter Include="System\Source Files\XML\Header Files">
      <UniqueIdentifier>{1511e02e-fc9b-493f-bf8f-168de4942d2c}</UniqueIdentifier>
      <Extensions>h;hpp;hxx;hm;inl;inc</Extensions>
    </Filter>
    <Filter Include="System\Header Files">
      <UniqueIdentifier>{25bcd374-92d4-4b97-8b2c-66cb483051ae}</UniqueIdentifier>
      <Extensions>h;hpp;hxx;hm;inl;inc</Extensions>
    </Filter>
    <Filter Include="Main">
      <UniqueIdentifier>{969f5eeb-62e2-4348-b6e3-43b6d2750e2a}</UniqueIdentifier>
    </Filter>
    <Filter Include="Main\Source Files">
      <UniqueIdentifier>{5968ae65-74a7-4094-88ee-0704f7e2c36f}</UniqueIdentifier>
      <Extensions>cpp;c;cxx;def;odl;idl;hpj;bat;asm</Extensions>
    </Filter>
    <Filter Include="Main\Header Files">
      <UniqueIdentifier>{6c4bcc4c-7ace-46ce-99b3-aa86b9cbcc88}</UniqueIdentifier>
      <Extensions>h;hpp;hxx;hm;inl;inc</Extensions>
    </Filter>
    <Filter Include="Accessories">
      <UniqueIdentifier>{cb8ceae0-6132-44f1-a335-e85fbc4293b2}</UniqueIdentifier>
    </Filter>
    <Filter Include="Accessories\Source Files">
      <UniqueIdentifier>{2d5be0ce-df12-47df-abfb-7d32f42f4cbc}</UniqueIdentifier>
      <Extensions>cpp;c;cxx;def;odl;idl;hpj;bat;asm</Extensions>
    </Filter>
    <Filter Include="Accessories\Header Files">
      <UniqueIdentifier>{c4f9409a-98e3-45e2-80a8-1714a1b2462b}</UniqueIdentifier>
      <Extensions>h;hpp;hxx;hm;inl;inc</Extensions>
    </Filter>
    <Filter Include="Accessories\Resource Files">
      <UniqueIdentifier>{8aa29ae1-5f94-4ab5-b829-5d4d70d9da02}</UniqueIdentifier>
      <Extensions>rc;ico;cur;bmp;dlg;rc2;rct;bin;rgs;gif;jpg;jpeg;jpe</Extensions>
    </Filter>
    <Filter Include="Streams">
      <UniqueIdentifier>{55922ec4-1e96-44d2-bccf-2935058ee681}</UniqueIdentifier>
    </Filter>
    <Filter Include="Streams\Source Files">
      <UniqueIdentifier>{199bab21-2a9d-4207-ba7e-ee3a9513ee71}</UniqueIdentifier>
      <Extensions>cpp;c;cxx;def;odl;idl;hpj;bat;asm</Extensions>
    </Filter>
    <Filter Include="Streams\Header Files">
      <UniqueIdentifier>{a12f24ed-9995-46f1-9223-bb52e09ab130}</UniqueIdentifier>
      <Extensions>h;hpp;hxx;hm;inl;inc</Extensions>
    </Filter>
    <Filter Include="Encodings">
      <UniqueIdentifier>{caccb205-fc2f-4694-8b60-6283d8c4cb08}</UniqueIdentifier>
    </Filter>
    <Filter Include="Encodings\Source Files">
      <UniqueIdentifier>{9fa08cd7-30d6-44c0-9a4e-3f8bc5cbe06a}</UniqueIdentifier>
      <Extensions>cpp;c;cxx;def;odl;idl;hpj;bat;asm</Extensions>
    </Filter>
    <Filter Include="Encodings\Header Files">
      <UniqueIdentifier>{e6f3805a-49a4-422c-bd01-d060b58af4af}</UniqueIdentifier>
      <Extensions>h;hpp;hxx;hm;inl;inc</Extensions>
    </Filter>
  </ItemGroup>
  <ItemGroup>
    <ClCompile Include="AboutDlg.cpp">
      <Filter>Dialogs\Source Files</Filter>
    </ClCompile>
    <ClCompile Include="MachineInfoDlg.cpp">
      <Filter>Dialogs\Source Files</Filter>
    </ClCompile>
    <ClCompile Include="MachineStateDlg.cpp">
      <Filter>Dialogs\Source Files</Filter>
    </ClCompile>
    <ClCompile Include="MainDlg.cpp">
      <Filter>Dialogs\Source Files</Filter>
    </ClCompile>
    <ClCompile Include="PreviewDlg.cpp">
      <Filter>Dialogs\Source Files</Filter>
    </ClCompile>
    <ClCompile Include="SendMailDlg.cpp">
      <Filter>Dialogs\Source Files</Filter>
    </ClCompile>
    <ClCompile Include="SimpleDlg.cpp">
      <Filter>Dialogs\Source Files</Filter>
    </ClCompile>
    <ClCompile Include="TransferProgressDlg.cpp">
      <Filter>Dialogs\Source Files</Filter>
    </ClCompile>
    <ClCompile Include="WaitDlg.cpp">
      <Filter>Dialogs\Source Files</Filter>
    </ClCompile>
    <ClCompile Include="ColHelper.cpp">
      <Filter>Collections\Source Files</Filter>
    </ClCompile>
    <ClCompile Include="StrHolder.cpp">
      <Filter>Collections\Source Files</Filter>
    </ClCompile>
    <ClCompile Include="HexView.cpp">
      <Filter>Controls\Source Files</Filter>
    </ClCompile>
    <ClCompile Include="HyperLink.cpp">
      <Filter>Controls\Source Files</Filter>
    </ClCompile>
    <ClCompile Include="ImageView.cpp">
      <Filter>Controls\Source Files</Filter>
    </ClCompile>
    <ClCompile Include="LayoutManager.cpp">
      <Filter>Controls\Source Files</Filter>
    </ClCompile>
    <ClCompile Include="Splitter.cpp">
      <Filter>Controls\Source Files</Filter>
    </ClCompile>
    <ClCompile Include="TextView.cpp">
      <Filter>Controls\Source Files</Filter>
    </ClCompile>
    <ClCompile Include="WaitCursor.cpp">
      <Filter>Controls\Source Files</Filter>
    </ClCompile>
    <ClCompile Include="CMapi.cpp">
      <Filter>System\Source Files</Filter>
    </ClCompile>
    <ClCompile Include="EnumProcess.cpp">
      <Filter>System\Source Files</Filter>
    </ClCompile>
    <ClCompile Include="LogFile.cpp">
      <Filter>System\Source Files</Filter>
    </ClCompile>
    <ClCompile Include="NetThunks.cpp">
      <Filter>System\Source Files</Filter>
    </ClCompile>
    <ClCompile Include="SymEngine.cpp">
      <Filter>System\Source Files</Filter>
    </ClCompile>
    <ClCompile Include="SymEngineNet.cpp">
      <Filter>System\Source Files</Filter>
    </ClCompile>
    <ClCompile Include="TextLogFile.cpp">
      <Filter>System\Source Files</Filter>
    </ClCompile>
    <ClCompile Include="XmlLogFile.cpp">
      <Filter>System\Source Files</Filter>
    </ClCompile>
    <ClCompile Include="XmlReader.cpp">
      <Filter>System\Source Files\XML\Source Files</Filter>
    </ClCompile>
    <ClCompile Include="XmlWriter.cpp">
      <Filter>System\Source Files\XML\Source Files</Filter>
    </ClCompile>
    <ClCompile Include="BugTrap.cpp">
      <Filter>Main\Source Files</Filter>
    </ClCompile>
    <ClCompile Include="BugTrapNet.cpp">
      <Filter>Main\Source Files</Filter>
    </ClCompile>
    <ClCompile Include="BugTrapUI.cpp">
      <Filter>Main\Source Files</Filter>
    </ClCompile>
    <ClCompile Include="BugTrapUtils.cpp">
      <Filter>Main\Source Files</Filter>
    </ClCompile>
    <ClCompile Include="ResManager.cpp">
      <Filter>Main\Source Files</Filter>
    </ClCompile>
    <ClCompile Include="Globals.cpp">
      <Filter>Accessories\Source Files</Filter>
    </ClCompile>
    <ClCompile Include="stdafx.cpp">
      <Filter>Accessories\Source Files</Filter>
    </ClCompile>
    <ClCompile Include="FileStream.cpp">
      <Filter>Streams\Source Files</Filter>
    </ClCompile>
    <ClCompile Include="InputStream.cpp">
      <Filter>Streams\Source Files</Filter>
    </ClCompile>
    <ClCompile Include="MemStream.cpp">
      <Filter>Streams\Source Files</Filter>
    </ClCompile>
    <ClCompile Include="OutputStream.cpp">
      <Filter>Streams\Source Files</Filter>
    </ClCompile>
    <ClCompile Include="StrStream.cpp">
      <Filter>Streams\Source Files</Filter>
    </ClCompile>
    <ClCompile Include="Encoding.cpp">
      <Filter>Encodings\Source Files</Filter>
    </ClCompile>
    <ClCompile Include="TextFormat.cpp">
      <Filter>Encodings\Source Files</Filter>
    </ClCompile>
  </ItemGroup>
  <ItemGroup>
    <ClInclude Include="AboutDlg.h">
      <Filter>Dialogs\Header Files</Filter>
    </ClInclude>
    <ClInclude Include="MachineInfoDlg.h">
      <Filter>Dialogs\Header Files</Filter>
    </ClInclude>
    <ClInclude Include="MachineStateDlg.h">
      <Filter>Dialogs\Header Files</Filter>
    </ClInclude>
    <ClInclude Include="MainDlg.h">
      <Filter>Dialogs\Header Files</Filter>
    </ClInclude>
    <ClInclude Include="PreviewDlg.h">
      <Filter>Dialogs\Header Files</Filter>
    </ClInclude>
    <ClInclude Include="SendMailDlg.h">
      <Filter>Dialogs\Header Files</Filter>
    </ClInclude>
    <ClInclude Include="SimpleDlg.h">
      <Filter>Dialogs\Header Files</Filter>
    </ClInclude>
    <ClInclude Include="TransferProgressDlg.h">
      <Filter>Dialogs\Header Files</Filter>
    </ClInclude>
    <ClInclude Include="WaitDlg.h">
      <Filter>Dialogs\Header Files</Filter>
    </ClInclude>
    <ClInclude Include="Array.h">
      <Filter>Collections\Header Files</Filter>
    </ClInclude>
    <ClInclude Include="ColHelper.h">
      <Filter>Collections\Header Files</Filter>
    </ClInclude>
    <ClInclude Include="Hash.h">
      <Filter>Collections\Header Files</Filter>
    </ClInclude>
    <ClInclude Include="InPlaceNew.h">
      <Filter>Collections\Header Files</Filter>
    </ClInclude>
    <ClInclude Include="InterfacePtr.h">
      <Filter>Collections\Header Files</Filter>
    </ClInclude>
    <ClInclude Include="List.h">
      <Filter>Collections\Header Files</Filter>
    </ClInclude>
    <ClInclude Include="SmartPtr.h">
      <Filter>Collections\Header Files</Filter>
    </ClInclude>
    <ClInclude Include="StrHolder.h">
      <Filter>Collections\Header Files</Filter>
    </ClInclude>
    <ClInclude Include="HexView.h">
      <Filter>Controls\Header Files</Filter>
    </ClInclude>
    <ClInclude Include="HyperLink.h">
      <Filter>Controls\Header Files</Filter>
    </ClInclude>
    <ClInclude Include="ImageView.h">
      <Filter>Controls\Header Files</Filter>
    </ClInclude>
    <ClInclude Include="LayoutManager.h">
      <Filter>Controls\Header Files</Filter>
    </ClInclude>
    <ClInclude Include="Splitter.h">
      <Filter>Controls\Header Files</Filter>
    </ClInclude>
    <ClInclude Include="TextView.h">
      <Filter>Controls\Header Files</Filter>
    </ClInclude>
    <ClInclude Include="WaitCursor.h">
      <Filter>Controls\Header Files</Filter>
    </ClInclude>
    <ClInclude Include="XmlReader.h">
      <Filter>System\Source Files\XML\Header Files</Filter>
    </ClInclude>
    <ClInclude Include="XmlWriter.h">
      <Filter>System\Source Files\XML\Header Files</Filter>
    </ClInclude>
    <ClInclude Include="CMapi.h">
      <Filter>System\Header Files</Filter>
    </ClInclude>
    <ClInclude Include="EnumProcess.h">
      <Filter>System\Header Files</Filter>
    </ClInclude>
    <ClInclude Include="LogFile.h">
      <Filter>System\Header Files</Filter>
    </ClInclude>
    <ClInclude Include="LogLink.h">
      <Filter>System\Header Files</Filter>
    </ClInclude>
    <ClInclude Include="NetThunks.h">
      <Filter>System\Header Files</Filter>
    </ClInclude>
    <ClInclude Include="SymEngine.h">
      <Filter>System\Header Files</Filter>
    </ClInclude>
    <ClInclude Include="SymEngineNet.h">
      <Filter>System\Header Files</Filter>
    </ClInclude>
    <ClInclude Include="TextLogFile.h">
      <Filter>System\Header Files</Filter>
    </ClInclude>
    <ClInclude Include="XmlLogFile.h">
      <Filter>System\Header Files</Filter>
    </ClInclude>
    <ClInclude Include="BTAtlWindow.h">
      <Filter>Main\Header Files</Filter>
    </ClInclude>
    <ClInclude Include="BTMfcWindow.h">
      <Filter>Main\Header Files</Filter>
    </ClInclude>
    <ClInclude Include="BTTrace.h">
      <Filter>Main\Header Files</Filter>
    </ClInclude>
    <ClInclude Include="BugTrap.h">
      <Filter>Main\Header Files</Filter>
    </ClInclude>
    <ClInclude Include="BugTrapNet.h">
      <Filter>Main\Header Files</Filter>
    </ClInclude>
    <ClInclude Include="BugTrapUI.h">
      <Filter>Main\Header Files</Filter>
    </ClInclude>
    <ClInclude Include="BugTrapUtils.h">
      <Filter>Main\Header Files</Filter>
    </ClInclude>
    <ClInclude Include="ResManager.h">
      <Filter>Main\Header Files</Filter>
    </ClInclude>
    <ClInclude Include="Globals.h">
      <Filter>Accessories\Header Files</Filter>
    </ClInclude>
    <ClInclude Include="LeakWatcher.h">
      <Filter>Accessories\Header Files</Filter>
    </ClInclude>
    <ClInclude Include="resource.h">
      <Filter>Accessories\Header Files</Filter>
    </ClInclude>
    <ClInclude Include="stdafx.h">
      <Filter>Accessories\Header Files</Filter>
    </ClInclude>
    <ClInclude Include="VersionInfo.h">
      <Filter>Accessories\Header Files</Filter>
    </ClInclude>
    <ClInclude Include="BaseStream.h">
      <Filter>Streams\Header Files</Filter>
    </ClInclude>
    <ClInclude Include="FileStream.h">
      <Filter>Streams\Header Files</Filter>
    </ClInclude>
    <ClInclude Include="InputStream.h">
      <Filter>Streams\Header Files</Filter>
    </ClInclude>
    <ClInclude Include="MemStream.h">
      <Filter>Streams\Header Files</Filter>
    </ClInclude>
    <ClInclude Include="OutputStream.h">
      <Filter>Streams\Header Files</Filter>
    </ClInclude>
    <ClInclude Include="Stream.h">
      <Filter>Streams\Header Files</Filter>
    </ClInclude>
    <ClInclude Include="StrStream.h">
      <Filter>Streams\Header Files</Filter>
    </ClInclude>
    <ClInclude Include="Encoding.h">
      <Filter>Encodings\Header Files</Filter>
    </ClInclude>
    <ClInclude Include="TextFormat.h">
      <Filter>Encodings\Header Files</Filter>
    </ClInclude>
  </ItemGroup>
  <ItemGroup>
    <Image Include="res\Bug.ico">
      <Filter>Accessories\Resource Files</Filter>
    </Image>
    <Image Include="res\CheckMark.bmp">
      <Filter>Accessories\Resource Files</Filter>
    </Image>
    <Image Include="res\ImageToolbar.bmp">
      <Filter>Accessories\Resource Files</Filter>
    </Image>
    <Image Include="res\SortArrows.bmp">
      <Filter>Accessories\Resource Files</Filter>
    </Image>
  </ItemGroup>
  <ItemGroup>
    <None Include="BugTrap.def">
      <Filter>Accessories\Resource Files</Filter>
    </None>
    <None Include="res\Upload.avi">
      <Filter>Accessories\Resource Files</Filter>
    </None>
  </ItemGroup>
  <ItemGroup>
    <ResourceCompile Include="BugTrap.rc">
      <Filter>Accessories\Resource Files</Filter>
    </ResourceCompile>
  </ItemGroup>
</Project>